
Microsoft Visual Studio Solution File, Format Version 12.00
# Visual Studio Version 16
VisualStudioVersion = 16.0.31727.386
MinimumVisualStudioVersion = 10.0.40219.1
Project("{FAE04EC0-301F-11D3-BF4B-00C04F79EFBC}") = "filestream", "filestream.csproj", "{7E41C565-5CDC-4F81-973A-6051E750D5A9}"
EndProject
Global
	GlobalSection(SolutionConfigurationPlatforms) = preSolution
		Debug|Any CPU = Debug|Any CPU
		Release|Any CPU = Release|Any CPU
	EndGlobalSection
	GlobalSection(ProjectConfigurationPlatforms) = postSolution
		{7E41C565-5CDC-4F81-973A-6051E750D5A9}.Debug|Any CPU.ActiveCfg = Debug|Any CPU
		{7E41C565-5CDC-4F81-973A-6051E750D5A9}.Debug|Any CPU.Build.0 = Debug|Any CPU
		{7E41C565-5CDC-4F81-973A-6051E750D5A9}.Release|Any CPU.ActiveCfg = Release|Any CPU
		{7E41C565-5CDC-4F81-973A-6051E750D5A9}.Release|Any CPU.Build.0 = Release|Any CPU
	EndGlobalSection
	GlobalSection(SolutionProperties) = preSolution
		HideSolutionNode = FALSE
	EndGlobalSection
	GlobalSection(ExtensibilityGlobals) = postSolution
		SolutionGuid = {B521248D-937C-47BF-B948-D5BD1454BFD4}
	EndGlobalSection
EndGlobal
